
Microsoft Visual Studio Solution File, Format Version 12.00
# Visual Studio Version 17
VisualStudioVersion = 17.14.36202.13 d17.14
MinimumVisualStudioVersion = 10.0.40219.1
Project("{FAE04EC0-301F-11D3-BF4B-00C04F79EFBC}") = "Myoffice_ACPD", "Myoffice_ACPD.csproj", "{7F289CA8-0329-4E9E-8900-B04D18BCBE4E}"
EndProject
Global
	GlobalSection(SolutionConfigurationPlatforms) = preSolution
		Debug|Any CPU = Debug|Any CPU
		Release|Any CPU = Release|Any CPU
	EndGlobalSection
	GlobalSection(ProjectConfigurationPlatforms) = postSolution
		{7F289CA8-0329-4E9E-8900-B04D18BCBE4E}.Debug|Any CPU.ActiveCfg = Debug|Any CPU
		{7F289CA8-0329-4E9E-8900-B04D18BCBE4E}.Debug|Any CPU.Build.0 = Debug|Any CPU
		{7F289CA8-0329-4E9E-8900-B04D18BCBE4E}.Release|Any CPU.ActiveCfg = Release|Any CPU
		{7F289CA8-0329-4E9E-8900-B04D18BCBE4E}.Release|Any CPU.Build.0 = Release|Any CPU
	EndGlobalSection
	GlobalSection(SolutionProperties) = preSolution
		HideSolutionNode = FALSE
	EndGlobalSection
	GlobalSection(ExtensibilityGlobals) = postSolution
		SolutionGuid = {4FD79999-2A71-49AC-9486-89C816B0EC6D}
	EndGlobalSection
EndGlobal
